
Microsoft Visual Studio Solution File, Format Version 12.00
# Visual Studio Version 17
VisualStudioVersion = 17.8.34408.163
MinimumVisualStudioVersion = 10.0.40219.1
Project("{9A19103F-16F7-4668-BE54-9A1E7A4F7556}") = "Real_Estate_Dapper_Api", "Real_Estate_Dapper_Api.csproj", "{F6AA48DD-8C62-4555-94A9-DD865BB70B9F}"
EndProject
Project("{FAE04EC0-301F-11D3-BF4B-00C04F79EFBC}") = "Real_Estate_Dapper_UI", "..\Real_Estate_Dapper_UI\Real_Estate_Dapper_UI.csproj", "{DA73FA89-3F9B-4146-9BB8-BADF5AB4F3C0}"
EndProject
Global
	GlobalSection(SolutionConfigurationPlatforms) = preSolution
		Debug|Any CPU = Debug|Any CPU
		Release|Any CPU = Release|Any CPU
	EndGlobalSection
	GlobalSection(ProjectConfigurationPlatforms) = postSolution
		{F6AA48DD-8C62-4555-94A9-DD865BB70B9F}.Debug|Any CPU.ActiveCfg = Debug|Any CPU
		{F6AA48DD-8C62-4555-94A9-DD865BB70B9F}.Debug|Any CPU.Build.0 = Debug|Any CPU
		{F6AA48DD-8C62-4555-94A9-DD865BB70B9F}.Release|Any CPU.ActiveCfg = Release|Any CPU
		{F6AA48DD-8C62-4555-94A9-DD865BB70B9F}.Release|Any CPU.Build.0 = Release|Any CPU
		{DA73FA89-3F9B-4146-9BB8-BADF5AB4F3C0}.Debug|Any CPU.ActiveCfg = Debug|Any CPU
		{DA73FA89-3F9B-4146-9BB8-BADF5AB4F3C0}.Debug|Any CPU.Build.0 = Debug|Any CPU
		{DA73FA89-3F9B-4146-9BB8-BADF5AB4F3C0}.Release|Any CPU.ActiveCfg = Release|Any CPU
		{DA73FA89-3F9B-4146-9BB8-BADF5AB4F3C0}.Release|Any CPU.Build.0 = Release|Any CPU
	EndGlobalSection
	GlobalSection(SolutionProperties) = preSolution
		HideSolutionNode = FALSE
	EndGlobalSection
	GlobalSection(ExtensibilityGlobals) = postSolution
		SolutionGuid = {A28C3C16-0070-455B-B8D1-C60399353644}
	EndGlobalSection
EndGlobal
